// !$*UTF8*$!
{
	archiveVersion = 1;
	classes = {
	};
	objectVersion = 50;
	objects = {

/* Begin PBXBuildFile section */
		293698576A51848D5F29CEBA /* Pods_ImageCart.framework in Frameworks */ = {isa = PBXBuildFile; fileRef = F801F908BF172F099C34F562 /* Pods_ImageCart.framework */; };
		8B13BC0F221FA552009F97E0 /* AppDelegate.swift in Sources */ = {isa = PBXBuildFile; fileRef = 8B13BC0E221FA552009F97E0 /* AppDelegate.swift */; };
		8B13BC11221FA552009F97E0 /* ViewController.swift in Sources */ = {isa = PBXBuildFile; fileRef = 8B13BC10221FA552009F97E0 /* ViewController.swift */; };
		8B13BC14221FA552009F97E0 /* Main.storyboard in Resources */ = {isa = PBXBuildFile; fileRef = 8B13BC12221FA552009F97E0 /* Main.storyboard */; };
		8B13BC16221FA553009F97E0 /* Assets.xcassets in Resources */ = {isa = PBXBuildFile; fileRef = 8B13BC15221FA553009F97E0 /* Assets.xcassets */; };
		8B13BC19221FA553009F97E0 /* LaunchScreen.storyboard in Resources */ = {isa = PBXBuildFile; fileRef = 8B13BC17221FA553009F97E0 /* LaunchScreen.storyboard */; };
		8B13BC21221FB7D9009F97E0 /* UIcolorExtension.swift in Sources */ = {isa = PBXBuildFile; fileRef = 8B13BC20221FB7D9009F97E0 /* UIcolorExtension.swift */; };
/* End PBXBuildFile section */

/* Begin PBXFileReference section */
		8B13BC0B221FA552009F97E0 /* ImageCart.app */ = {isa = PBXFileReference; explicitFileType = wrapper.application; includeInIndex = 0; path = ImageCart.app; sourceTree = BUILT_PRODUCTS_DIR; };
		8B13BC0E221FA552009F97E0 /* AppDelegate.swift */ = {isa = PBXFileReference; lastKnownFileType = sourcecode.swift; path = AppDelegate.swift; sourceTree = "<group>"; };
		8B13BC10221FA552009F97E0 /* ViewController.swift */ = {isa = PBXFileReference; lastKnownFileType = sourcecode.swift; path = ViewController.swift; sourceTree = "<group>"; };
		8B13BC13221FA552009F97E0 /* Base */ = {isa = PBXFileReference; lastKnownFileType = file.storyboard; name = Base; path = Base.lproj/Main.storyboard; sourceTree = "<group>"; };
		8B13BC15221FA553009F97E0 /* Assets.xcassets */ = {isa = PBXFileReference; lastKnownFileType = folder.assetcatalog; path = Assets.xcassets; sourceTree = "<group>"; };
		8B13BC18221FA553009F97E0 /* Base */ = {isa = PBXFileReference; lastKnownFileType = file.storyboard; name = Base; path = Base.lproj/LaunchScreen.storyboard; sourceTree = "<group>"; };
		8B13BC1A221FA553009F97E0 /* Info.plist */ = {isa = PBXFileReference; lastKnownFileType = text.plist.xml; path = Info.plist; sourceTree = "<group>"; };
		8B13BC20221FB7D9009F97E0 /* UIcolorExtension.swift */ = {isa = PBXFileReference; lastKnownFileType = sourcecode.swift; path = UIcolorExtension.swift; sourceTree = "<group>"; };
		A83A62C91822CA8D3B204660 /* Pods-ImageCart.debug.xcconfig */ = {isa = PBXFileReference; includeInIndex = 1; lastKnownFileType = text.xcconfig; name = "Pods-ImageCart.debug.xcconfig"; path = "Target Support Files/Pods-ImageCart/Pods-ImageCart.debug.xcconfig"; sourceTree = "<group>"; };
		BEFB06CC036E5C733E0C49D2 /* Pods-ImageCart.release.xcconfig */ = {isa = PBXFileReference; includeInIndex = 1; lastKnownFileType = text.xcconfig; name = "Pods-ImageCart.release.xcconfig"; path = "Target Support Files/Pods-ImageCart/Pods-ImageCart.release.xcconfig"; sourceTree = "<group>"; };
		F801F908BF172F099C34F562 /* Pods_ImageCart.framework */ = {isa = PBXFileReference; explicitFileType = wrapper.framework; includeInIndex = 0; path = Pods_ImageCart.framework; sourceTree = BUILT_PRODUCTS_DIR; };
/* End PBXFileReference section */

/* Begin PBXFrameworksBuildPhase section */
		8B13BC08221FA552009F97E0 /* Frameworks */ = {
			isa = PBXFrameworksBuildPhase;
			buildActionMask = 2147483647;
			files = (
				293698576A51848D5F29CEBA /* Pods_ImageCart.framework in Frameworks */,
			);
			runOnlyForDeploymentPostprocessing = 0;
		};
/* End PBXFrameworksBuildPhase section */

/* Begin PBXGroup section */
		76191A3A6C845CC44E41C4C0 /* Pods */ = {
			isa = PBXGroup;
			children = (
				A83A62C91822CA8D3B204660 /* Pods-ImageCart.debug.xcconfig */,
				BEFB06CC036E5C733E0C49D2 /* Pods-ImageCart.release.xcconfig */,
			);
			name = Pods;
			path = Pods;
			sourceTree = "<group>";
		};
		8B13BC02221FA552009F97E0 = {
			isa = PBXGroup;
			children = (
				8B13BC0D221FA552009F97E0 /* ImageCart */,
				8B13BC0C221FA552009F97E0 /* Products */,
				76191A3A6C845CC44E41C4C0 /* Pods */,
				F98F9B7CF7AA0FBEB4DBB5FA /* Frameworks */,
			);
			sourceTree = "<group>";
		};
		8B13BC0C221FA552009F97E0 /* Products */ = {
			isa = PBXGroup;
			children = (
				8B13BC0B221FA552009F97E0 /* ImageCart.app */,
			);
			name = Products;
			sourceTree = "<group>";
		};
		8B13BC0D221FA552009F97E0 /* ImageCart */ = {
			isa = PBXGroup;
			children = (
				8B13BC0E221FA552009F97E0 /* AppDelegate.swift */,
				8B13BC10221FA552009F97E0 /* ViewController.swift */,
				8B13BC20221FB7D9009F97E0 /* UIcolorExtension.swift */,
				8B13BC12221FA552009F97E0 /* Main.storyboard */,
				8B13BC15221FA553009F97E0 /* Assets.xcassets */,
				8B13BC17221FA553009F97E0 /* LaunchScreen.storyboard */,
				8B13BC1A221FA553009F97E0 /* Info.plist */,
			);
			path = ImageCart;
			sourceTree = "<group>";
		};
		F98F9B7CF7AA0FBEB4DBB5FA /* Frameworks */ = {
			isa = PBXGroup;
			children = (
				F801F908BF172F099C34F562 /* Pods_ImageCart.framework */,
			);
			name = Frameworks;
			sourceTree = "<group>";
		};
/* End PBXGroup section */

/* Begin PBXNativeTarget section */
		8B13BC0A221FA552009F97E0 /* ImageCart */ = {
			isa = PBXNativeTarget;
			buildConfigurationList = 8B13BC1D221FA553009F97E0 /* Build configuration list for PBXNativeTarget "ImageCart" */;
			buildPhases = (
				FAF6A778EDE277C5D44B27E3 /* [CP] Check Pods Manifest.lock */,
				8B13BC07221FA552009F97E0 /* Sources */,
				8B13BC08221FA552009F97E0 /* Frameworks */,
				8B13BC09221FA552009F97E0 /* Resources */,
				C197ECF5153DA9F484741AD0 /* [CP] Embed Pods Frameworks */,
			);
			buildRules = (
			);
			dependencies = (
			);
			name = ImageCart;
			productName = ImageCart;
			productReference = 8B13BC0B221FA552009F97E0 /* ImageCart.app */;
			productType = "com.apple.product-type.application";
		};
/* End PBXNativeTarget section */

/* Begin PBXProject section */
		8B13BC03221FA552009F97E0 /* Project object */ = {
			isa = PBXProject;
			attributes = {
				LastSwiftUpdateCheck = 1010;
				LastUpgradeCheck = 1010;
				ORGANIZATIONNAME = "Developer BN";
				TargetAttributes = {
					8B13BC0A221FA552009F97E0 = {
						CreatedOnToolsVersion = 10.1;
					};
				};
			};
			buildConfigurationList = 8B13BC06221FA552009F97E0 /* Build configuration list for PBXProject "ImageCart" */;
			compatibilityVersion = "Xcode 9.3";
			developmentRegion = en;
			hasScannedForEncodings = 0;
			knownRegions = (
				en,
				Base,
			);
			mainGroup = 8B13BC02221FA552009F97E0;
			productRefGroup = 8B13BC0C221FA552009F97E0 /* Products */;
			projectDirPath = "";
			projectRoot = "";
			targets = (
				8B13BC0A221FA552009F97E0 /* ImageCart */,
			);
		};
/* End PBXProject section */

/* Begin PBXResourcesBuildPhase section */
		8B13BC09221FA552009F97E0 /* Resources */ = {
			isa = PBXResourcesBuildPhase;
			buildActionMask = 2147483647;
			files = (
				8B13BC19221FA553009F97E0 /* LaunchScreen.storyboard in Resources */,
				8B13BC16221FA553009F97E0 /* Assets.xcassets in Resources */,
				8B13BC14221FA552009F97E0 /* Main.storyboard in Resources */,
			);
			runOnlyForDeploymentPostprocessing = 0;
		};
/* End PBXResourcesBuildPhase section */

/* Begin PBXShellScriptBuildPhase section */
		C197ECF5153DA9F484741AD0 /* [CP] Embed Pods Frameworks */ = {
			isa = PBXShellScriptBuildPhase;
			buildActionMask = 2147483647;
			files = (
			);
			inputFileListPaths = (
			);
			inputPaths = (
				"${PODS_ROOT}/Target Support Files/Pods-ImageCart/Pods-ImageCart-frameworks.sh",
				"${BUILT_PRODUCTS_DIR}/Alamofire/Alamofire.framework",
				"${BUILT_PRODUCTS_DIR}/Kingfisher/Kingfisher.framework",
			);
			name = "[CP] Embed Pods Frameworks";
			outputFileListPaths = (
			);
			outputPaths = (
				"${TARGET_BUILD_DIR}/${FRAMEWORKS_FOLDER_PATH}/Alamofire.framework",
				"${TARGET_BUILD_DIR}/${FRAMEWORKS_FOLDER_PATH}/Kingfisher.framework",
			);
			runOnlyForDeploymentPostprocessing = 0;
			shellPath = /bin/sh;
			shellScript = "\"${PODS_ROOT}/Target Support Files/Pods-ImageCart/Pods-ImageCart-frameworks.sh\"\n";
			showEnvVarsInLog = 0;
		};
		FAF6A778EDE277C5D44B27E3 /* [CP] Check Pods Manifest.lock */ = {
			isa = PBXShellScriptBuildPhase;
			buildActionMask = 2147483647;
			files = (
			);
			inputFileListPaths = (
			);
			inputPaths = (
				"${PODS_PODFILE_DIR_PATH}/Podfile.lock",
				"${PODS_ROOT}/Manifest.lock",
			);
			name = "[CP] Check Pods Manifest.lock";
			outputFileListPaths = (
			);
			outputPaths = (
				"$(DERIVED_FILE_DIR)/Pods-ImageCart-checkManifestLockResult.txt",
			);
			runOnlyForDeploymentPostprocessing = 0;
			shellPath = /bin/sh;
			shellScript = "diff \"${PODS_PODFILE_DIR_PATH}/Podfile.lock\" \"${PODS_ROOT}/Manifest.lock\" > /dev/null\nif [ $? != 0 ] ; then\n    # print error to STDERR\n    echo \"error: The sandbox is not in sync with the Podfile.lock. Run 'pod install' or update your CocoaPods installation.\" >&2\n    exit 1\nfi\n# This output is used by Xcode 'outputs' to avoid re-running this script phase.\necho \"SUCCESS\" > \"${SCRIPT_OUTPUT_FILE_0}\"\n";
			showEnvVarsInLog = 0;
		};
/* End PBXShellScriptBuildPhase section */

/* Begin PBXSourcesBuildPhase section */
		8B13BC07221FA552009F97E0 /* Sources */ = {
			isa = PBXSourcesBuildPhase;
			buildActionMask = 2147483647;
			files = (
				8B13BC11221FA552009F97E0 /* ViewController.swift in Sources */,
				8B13BC21221FB7D9009F97E0 /* UIcolorExtension.swift in Sources */,
				8B13BC0F221FA552009F97E0 /* AppDelegate.swift in Sources */,
			);
			runOnlyForDeploymentPostprocessing = 0;
		};
/* End PBXSourcesBuildPhase section */

/* Begin PBXVariantGroup section */
		8B13BC12221FA552009F97E0 /* Main.storyboard */ = {
			isa = PBXVariantGroup;
			children = (
				8B13BC13221FA552009F97E0 /* Base */,
			);
			name = Main.storyboard;
			sourceTree = "<group>";
		};
		8B13BC17221FA553009F97E0 /* LaunchScreen.storyboard */ = {
			isa = PBXVariantGroup;
			children = (
				8B13BC18221FA553009F97E0 /* Base */,
			);
			name = LaunchScreen.storyboard;
			sourceTree = "<group>";
		};
/* End PBXVariantGroup section */

/* Begin XCBuildConfiguration section */
		8B13BC1B221FA553009F97E0 /* Debug */ = {
			isa = XCBuildConfiguration;
			buildSettings = {
				ALWAYS_SEARCH_USER_PATHS = NO;
				CLANG_ANALYZER_NONNULL = YES;
				CLANG_ANALYZER_NUMBER_OBJECT_CONVERSION = YES_AGGRESSIVE;
				CLANG_CXX_LANGUAGE_STANDARD = "gnu++14";
				CLANG_CXX_LIBRARY = "libc++";
				CLANG_ENABLE_MODULES = YES;
				CLANG_ENABLE_OBJC_ARC = YES;
				CLANG_ENABLE_OBJC_WEAK = YES;
				CLANG_WARN_BLOCK_CAPTURE_AUTORELEASING = YES;
				CLANG_WARN_BOOL_CONVERSION = YES;
				CLANG_WARN_COMMA = YES;
				CLANG_WARN_CONSTANT_CONVERSION = YES;
				CLANG_WARN_DEPRECATED_OBJC_IMPLEMENTATIONS = YES;
				CLANG_WARN_DIRECT_OBJC_ISA_USAGE = YES_ERROR;
				CLANG_WARN_DOCUMENTATION_COMMENTS = YES;
				CLANG_WARN_EMPTY_BODY = YES;
				CLANG_WARN_ENUM_CONVERSION = YES;
				CLANG_WARN_INFINITE_RECURSION = YES;
				CLANG_WARN_INT_CONVERSION = YES;
				CLANG_WARN_NON_LITERAL_NULL_CONVERSION = YES;
				CLANG_WARN_OBJC_IMPLICIT_RETAIN_SELF = YES;
				CLANG_WARN_OBJC_LITERAL_CONVERSION = YES;
				CLANG_WARN_OBJC_ROOT_CLASS = YES_ERROR;
				CLANG_WARN_RANGE_LOOP_ANALYSIS = YES;
				CLANG_WARN_STRICT_PROTOTYPES = YES;
				CLANG_WARN_SUSPICIOUS_MOVE = YES;
				CLANG_WARN_UNGUARDED_AVAILABILITY = YES_AGGRESSIVE;
				CLANG_WARN_UNREACHABLE_CODE = YES;
				CLANG_WARN__DUPLICATE_METHOD_MATCH = YES;
				CODE_SIGN_IDENTITY = "iPhone Developer";
				COPY_PHASE_STRIP = NO;
				DEBUG_INFORMATION_FORMAT = dwarf;
				ENABLE_STRICT_OBJC_MSGSEND = YES;
				ENABLE_TESTABILITY = YES;
				GCC_C_LANGUAGE_STANDARD = gnu11;
				GCC_DYNAMIC_NO_PIC = NO;
				GCC_NO_COMMON_BLOCKS = YES;
				GCC_OPTIMIZATION_LEVEL = 0;
				GCC_PREPROCESSOR_DEFINITIONS = (
					"DEBUG=1",
					"$(inherited)",
				);
				GCC_WARN_64_TO_32_BIT_CONVERSION = YES;
				GCC_WARN_ABOUT_RETURN_TYPE = YES_ERROR;
				GCC_WARN_UNDECLARED_SELECTOR = YES;
				GCC_WARN_UNINITIALIZED_AUTOS = YES_AGGRESSIVE;
				GCC_WARN_UNUSED_FUNCTION = YES;
				GCC_WARN_UNUSED_VARIABLE = YES;
				IPHONEOS_DEPLOYMENT_TARGET = 12.1;
				MTL_ENABLE_DEBUG_INFO = INCLUDE_SOURCE;
				MTL_FAST_MATH = YES;
				ONLY_ACTIVE_ARCH = YES;
				SDKROOT = iphoneos;
				SWIFT_ACTIVE_COMPILATION_CONDITIONS = DEBUG;
				SWIFT_OPTIMIZATION_LEVEL = "-Onone";
			};
			name = Debug;
		};
		8B13BC1C221FA553009F97E0 /* Release */ = {
			isa = XCBuildConfiguration;
			buildSettings = {
				ALWAYS_SEARCH_USER_PATHS = NO;
				CLANG_ANALYZER_NONNULL = YES;
				CLANG_ANALYZER_NUMBER_OBJECT_CONVERSION = YES_AGGRESSIVE;
				CLANG_CXX_LANGUAGE_STANDARD = "gnu++14";
				CLANG_CXX_LIBRARY = "libc++";
				CLANG_ENABLE_MODULES = YES;
				CLANG_ENABLE_OBJC_ARC = YES;
				CLANG_ENABLE_OBJC_WEAK = YES;
				CLANG_WARN_BLOCK_CAPTURE_AUTORELEASING = YES;
				CLANG_WARN_BOOL_CONVERSION = YES;
				CLANG_WARN_COMMA = YES;
				CLANG_WARN_CONSTANT_CONVERSION = YES;
				CLANG_WARN_DEPRECATED_OBJC_IMPLEMENTATIONS = YES;
				CLANG_WARN_DIRECT_OBJC_ISA_USAGE = YES_ERROR;
				CLANG_WARN_DOCUMENTATION_COMMENTS = YES;
				CLANG_WARN_EMPTY_BODY = YES;
				CLANG_WARN_ENUM_CONVERSION = YES;
				CLANG_WARN_INFINITE_RECURSION = YES;
				CLANG_WARN_INT_CONVERSION = YES;
				CLANG_WARN_NON_LITERAL_NULL_CONVERSION = YES;
				CLANG_WARN_OBJC_IMPLICIT_RETAIN_SELF = YES;
				CLANG_WARN_OBJC_LITERAL_CONVERSION = YES;
				CLANG_WARN_OBJC_ROOT_CLASS = YES_ERROR;
				CLANG_WARN_RANGE_LOOP_ANALYSIS = YES;
				CLANG_WARN_STRICT_PROTOTYPES = YES;
				CLANG_WARN_SUSPICIOUS_MOVE = YES;
				CLANG_WARN_UNGUARDED_AVAILABILITY = YES_AGGRESSIVE;
				CLANG_WARN_UNREACHABLE_CODE = YES;
				CLANG_WARN__DUPLICATE_METHOD_MATCH = YES;
				CODE_SIGN_IDENTITY = "iPhone Developer";
				COPY_PHASE_STRIP = NO;
				DEBUG_INFORMATION_FORMAT = "dwarf-with-dsym";
				ENABLE_NS_ASSERTIONS = NO;
				ENABLE_STRICT_OBJC_MSGSEND = YES;
				GCC_C_LANGUAGE_STANDARD = gnu11;
				GCC_NO_COMMON_BLOCKS = YES;
				GCC_WARN_64_TO_32_BIT_CONVERSION = YES;
				GCC_WARN_ABOUT_RETURN_TYPE = YES_ERROR;
				GCC_WARN_UNDECLARED_SELECTOR = YES;
				GCC_WARN_UNINITIALIZED_AUTOS = YES_AGGRESSIVE;
				GCC_WARN_UNUSED_FUNCTION = YES;
				GCC_WARN_UNUSED_VARIABLE = YES;
				IPHONEOS_DEPLOYMENT_TARGET = 12.1;
				MTL_ENABLE_DEBUG_INFO = NO;
				MTL_FAST_MATH = YES;
				SDKROOT = iphoneos;
				SWIFT_COMPILATION_MODE = wholemodule;
				SWIFT_OPTIMIZATION_LEVEL = "-O";
				VALIDATE_PRODUCT = YES;
			};
			name = Release;
		};
		8B13BC1E221FA553009F97E0 /* Debug */ = {
			isa = XCBuildConfiguration;
			baseConfigurationReference = A83A62C91822CA8D3B204660 /* Pods-ImageCart.debug.xcconfig */;
			buildSettings = {
				ASSETCATALOG_COMPILER_APPICON_NAME = AppIcon;
				CODE_SIGN_STYLE = Automatic;
				DEVELOPMENT_TEAM = Q4968ANE9F;
				INFOPLIST_FILE = ImageCart/Info.plist;
				IPHONEOS_DEPLOYMENT_TARGET = 9.0;
				LD_RUNPATH_SEARCH_PATHS = (
					"$(inherited)",
					"@executable_path/Frameworks",
				);
				PRODUCT_BUNDLE_IDENTIFIER = com.bn.ios.ImageCart.ImageCart;
				PRODUCT_NAME = "$(TARGET_NAME)";
				SWIFT_VERSION = 4.2;
				TARGETED_DEVICE_FAMILY = "1,2";
			};
			name = Debug;
		};
		8B13BC1F221FA553009F97E0 /* Release */ = {
			isa = XCBuildConfiguration;
			baseConfigurationReference = BEFB06CC036E5C733E0C49D2 /* Pods-ImageCart.release.xcconfig */;
			buildSettings = {
				ASSETCATALOG_COMPILER_APPICON_NAME = AppIcon;
				CODE_SIGN_STYLE = Automatic;
				DEVELOPMENT_TEAM = Q4968ANE9F;
				INFOPLIST_FILE = ImageCart/Info.plist;
				IPHONEOS_DEPLOYMENT_TARGET = 9.0;
				LD_RUNPATH_SEARCH_PATHS = (
					"$(inherited)",
					"@executable_path/Frameworks",
				);
				PRODUCT_BUNDLE_IDENTIFIER = com.bn.ios.ImageCart.ImageCart;
				PRODUCT_NAME = "$(TARGET_NAME)";
				SWIFT_VERSION = 4.2;
				TARGETED_DEVICE_FAMILY = "1,2";
			};
			name = Release;
		};
/* End XCBuildConfiguration section */

/* Begin XCConfigurationList section */
		8B13BC06221FA552009F97E0 /* Build configuration list for PBXProject "ImageCart" */ = {
			isa = XCConfigurationList;
			buildConfigurations = (
				8B13BC1B221FA553009F97E0 /* Debug */,
				8B13BC1C221FA553009F97E0 /* Release */,
			);
			defaultConfigurationIsVisible = 0;
			defaultConfigurationName = Release;
		};
		8B13BC1D221FA553009F97E0 /* Build configuration list for PBXNativeTarget "ImageCart" */ = {
			isa = XCConfigurationList;
			buildConfigurations = (
				8B13BC1E221FA553009F97E0 /* Debug */,
				8B13BC1F221FA553009F97E0 /* Release */,
			);
			defaultConfigurationIsVisible = 0;
			defaultConfigurationName = Release;
		};
/* End XCConfigurationList section */
	};
	rootObject = 8B13BC03221FA552009F97E0 /* Project object */;
}
